{
  "version": 4,
  "terraform_version": "0.15.4",
  "serial": 3,
  "lineage": "a8b7f453-2987-efc8-2223-2abb75f7f412",
  "outputs": {},
  "resources": [
    {
      "mode": "managed",
      "type": "azurerm_container_group",
      "name": "tf_cg_sampleapi",
      "provider": "provider[\"registry.terraform.io/hashicorp/azurerm\"]",
      "instances": [
        {
          "schema_version": 0,
          "attributes": {
            "container": [
              {
                "commands": [],
                "cpu": 1,
                "environment_variables": null,
                "gpu": [],
                "image": "mohamadlawand/sampleapi",
                "liveness_probe": [],
                "memory": 1,
                "name": "sampleapi",
                "ports": [
                  {
                    "port": 80,
                    "protocol": "TCP"
                  }
                ],
                "readiness_probe": [],
                "secure_environment_variables": null,
                "volume": []
              }
            ],
            "diagnostics": [],
            "dns_config": [],
            "dns_name_label": "sampleapitf",
            "fqdn": "sampleapitf.uksouth.azurecontainer.io",
            "id": "/subscriptions/5598073c-3650-414b-b4ff-babf0a8d12bf/resourceGroups/mohamadlawandtfrg/providers/Microsoft.ContainerInstance/containerGroups/cg_sampleapi",
            "identity": [],
            "image_registry_credential": [],
            "ip_address": "20.77.187.4",
            "ip_address_type": "Public",
            "location": "uksouth",
            "name": "cg_sampleapi",
            "network_profile_id": null,
            "os_type": "Linux",
            "resource_group_name": "mohamadlawandtfrg",
            "restart_policy": "Always",
            "tags": null,
            "timeouts": null
          },
          "sensitive_attributes": [],
          "private": "eyJlMmJmYjczMC1lY2FhLTExZTYtOGY4OC0zNDM2M2JjN2M0YzAiOnsiY3JlYXRlIjoxODAwMDAwMDAwMDAwLCJkZWxldGUiOjE4MDAwMDAwMDAwMDAsInJlYWQiOjMwMDAwMDAwMDAwMCwidXBkYXRlIjoxODAwMDAwMDAwMDAwfX0=",
          "dependencies": [
            "azurerm_resource_group.tf_rg_sampleapi"
          ]
        }
      ]
    },
    {
      "mode": "managed",
      "type": "azurerm_resource_group",
      "name": "tf_rg_sampleapi",
      "provider": "provider[\"registry.terraform.io/hashicorp/azurerm\"]",
      "instances": [
        {
          "schema_version": 0,
          "attributes": {
            "id": "/subscriptions/5598073c-3650-414b-b4ff-babf0a8d12bf/resourceGroups/mohamadlawandtfrg",
            "location": "uksouth",
            "name": "mohamadlawandtfrg",
            "tags": {},
            "timeouts": null
          },
          "sensitive_attributes": [],
          "private": "eyJlMmJmYjczMC1lY2FhLTExZTYtOGY4OC0zNDM2M2JjN2M0YzAiOnsiY3JlYXRlIjo1NDAwMDAwMDAwMDAwLCJkZWxldGUiOjU0MDAwMDAwMDAwMDAsInJlYWQiOjMwMDAwMDAwMDAwMCwidXBkYXRlIjo1NDAwMDAwMDAwMDAwfX0="
        }
      ]
    }
  ]
}
